// !$*UTF8*$!
{
	archiveVersion = 1;
	classes = {
	};
	objectVersion = 46;
	objects = {

/* Begin PBXBuildFile section */
		741362C81B01FE0C00C7B84D /* SceneFactory.cpp in Sources */ = {isa = PBXBuildFile; fileRef = 741362C61B01FE0C00C7B84D /* SceneFactory.cpp */; };
		745C0C661AEE6FF900E71ACF /* Shape.cpp in Sources */ = {isa = PBXBuildFile; fileRef = 745C0C641AEE6FF900E71ACF /* Shape.cpp */; };
		745C0C691AEE722D00E71ACF /* Circle.cpp in Sources */ = {isa = PBXBuildFile; fileRef = 745C0C671AEE722D00E71ACF /* Circle.cpp */; };
		745C0C6C1AEE745F00E71ACF /* Vector.cpp in Sources */ = {isa = PBXBuildFile; fileRef = 745C0C6A1AEE745F00E71ACF /* Vector.cpp */; };
		745C0C6F1AEE85CB00E71ACF /* IAnimatable.cpp in Sources */ = {isa = PBXBuildFile; fileRef = 745C0C6D1AEE85CB00E71ACF /* IAnimatable.cpp */; };
		745C0C751AEE86AC00E71ACF /* DynamicCircle.cpp in Sources */ = {isa = PBXBuildFile; fileRef = 745C0C731AEE86AC00E71ACF /* DynamicCircle.cpp */; };
		74DD80711AF8D52100E00060 /* Scene.cpp in Sources */ = {isa = PBXBuildFile; fileRef = 74DD806F1AF8D52100E00060 /* Scene.cpp */; };
		74E0926C1AE65DC100A55448 /* App.cpp in Sources */ = {isa = PBXBuildFile; fileRef = 74E092601AE65DC100A55448 /* App.cpp */; };
		74E0926D1AE65DC100A55448 /* AppConfigurationFileReader.cpp in Sources */ = {isa = PBXBuildFile; fileRef = 74E092611AE65DC100A55448 /* AppConfigurationFileReader.cpp */; };
		74E0926E1AE65DC100A55448 /* Renderer.cpp in Sources */ = {isa = PBXBuildFile; fileRef = 74E092641AE65DC100A55448 /* Renderer.cpp */; };
		74E0926F1AE65DC100A55448 /* Point.cpp in Sources */ = {isa = PBXBuildFile; fileRef = 74E0926A1AE65DC100A55448 /* Point.cpp */; };
		74E092721AE65ECE00A55448 /* GLUT.framework in Frameworks */ = {isa = PBXBuildFile; fileRef = 74E092701AE65ECE00A55448 /* GLUT.framework */; };
		74E092731AE65ECE00A55448 /* OpenGL.framework in Frameworks */ = {isa = PBXBuildFile; fileRef = 74E092711AE65ECE00A55448 /* OpenGL.framework */; };
/* End PBXBuildFile section */

/* Begin PBXCopyFilesBuildPhase section */
		74E0924F1AE65D9F00A55448 /* CopyFiles */ = {
			isa = PBXCopyFilesBuildPhase;
			buildActionMask = 2147483647;
			dstPath = /usr/share/man/man1/;
			dstSubfolderSpec = 0;
			files = (
			);
			runOnlyForDeploymentPostprocessing = 1;
		};
/* End PBXCopyFilesBuildPhase section */

/* Begin PBXFileReference section */
		741362C61B01FE0C00C7B84D /* SceneFactory.cpp */ = {isa = PBXFileReference; fileEncoding = 4; lastKnownFileType = sourcecode.cpp.cpp; path = SceneFactory.cpp; sourceTree = "<group>"; };
		741362C71B01FE0C00C7B84D /* SceneFactory.h */ = {isa = PBXFileReference; fileEncoding = 4; lastKnownFileType = sourcecode.c.h; path = SceneFactory.h; sourceTree = "<group>"; };
		745C0C621AEE6F7A00E71ACF /* IDrawable.h */ = {isa = PBXFileReference; fileEncoding = 4; lastKnownFileType = sourcecode.c.h; name = IDrawable.h; path = src/shape/IDrawable.h; sourceTree = "<group>"; };
		745C0C641AEE6FF900E71ACF /* Shape.cpp */ = {isa = PBXFileReference; fileEncoding = 4; lastKnownFileType = sourcecode.cpp.cpp; name = Shape.cpp; path = src/shape/Shape.cpp; sourceTree = "<group>"; };
		745C0C651AEE6FF900E71ACF /* Shape.h */ = {isa = PBXFileReference; fileEncoding = 4; lastKnownFileType = sourcecode.c.h; name = Shape.h; path = src/shape/Shape.h; sourceTree = "<group>"; };
		745C0C671AEE722D00E71ACF /* Circle.cpp */ = {isa = PBXFileReference; fileEncoding = 4; lastKnownFileType = sourcecode.cpp.cpp; name = Circle.cpp; path = src/shape/Circle.cpp; sourceTree = "<group>"; };
		745C0C681AEE722D00E71ACF /* Circle.h */ = {isa = PBXFileReference; fileEncoding = 4; lastKnownFileType = sourcecode.c.h; name = Circle.h; path = src/shape/Circle.h; sourceTree = "<group>"; };
		745C0C6A1AEE745F00E71ACF /* Vector.cpp */ = {isa = PBXFileReference; fileEncoding = 4; lastKnownFileType = sourcecode.cpp.cpp; path = Vector.cpp; sourceTree = "<group>"; };
		745C0C6B1AEE745F00E71ACF /* Vector.h */ = {isa = PBXFileReference; fileEncoding = 4; lastKnownFileType = sourcecode.c.h; path = Vector.h; sourceTree = "<group>"; };
		745C0C6D1AEE85CB00E71ACF /* IAnimatable.cpp */ = {isa = PBXFileReference; fileEncoding = 4; lastKnownFileType = sourcecode.cpp.cpp; name = IAnimatable.cpp; path = src/shape/IAnimatable.cpp; sourceTree = "<group>"; };
		745C0C6E1AEE85CB00E71ACF /* IAnimatable.h */ = {isa = PBXFileReference; fileEncoding = 4; lastKnownFileType = sourcecode.c.h; name = IAnimatable.h; path = src/shape/IAnimatable.h; sourceTree = "<group>"; };
		745C0C731AEE86AC00E71ACF /* DynamicCircle.cpp */ = {isa = PBXFileReference; fileEncoding = 4; lastKnownFileType = sourcecode.cpp.cpp; name = DynamicCircle.cpp; path = src/shape/DynamicCircle.cpp; sourceTree = "<group>"; };
		745C0C741AEE86AC00E71ACF /* DynamicCircle.h */ = {isa = PBXFileReference; fileEncoding = 4; lastKnownFileType = sourcecode.c.h; name = DynamicCircle.h; path = src/shape/DynamicCircle.h; sourceTree = "<group>"; };
		74DD806D1AF8D43200E00060 /* circles.sdl */ = {isa = PBXFileReference; fileEncoding = 4; lastKnownFileType = text; name = circles.sdl; path = sdl/circles.sdl; sourceTree = "<group>"; };
		74DD806F1AF8D52100E00060 /* Scene.cpp */ = {isa = PBXFileReference; fileEncoding = 4; lastKnownFileType = sourcecode.cpp.cpp; path = Scene.cpp; sourceTree = "<group>"; };
		74DD80701AF8D52100E00060 /* Scene.h */ = {isa = PBXFileReference; fileEncoding = 4; lastKnownFileType = sourcecode.c.h; path = Scene.h; sourceTree = "<group>"; };
		74E092511AE65D9F00A55448 /* PvM_AnimationFramework */ = {isa = PBXFileReference; explicitFileType = "compiled.mach-o.executable"; includeInIndex = 0; path = PvM_AnimationFramework; sourceTree = BUILT_PRODUCTS_DIR; };
		74E0925D1AE65DC100A55448 /* app1.cfg */ = {isa = PBXFileReference; fileEncoding = 4; lastKnownFileType = text; path = app1.cfg; sourceTree = "<group>"; };
		74E092601AE65DC100A55448 /* App.cpp */ = {isa = PBXFileReference; fileEncoding = 4; lastKnownFileType = sourcecode.cpp.cpp; path = App.cpp; sourceTree = "<group>"; };
		74E092611AE65DC100A55448 /* AppConfigurationFileReader.cpp */ = {isa = PBXFileReference; fileEncoding = 4; lastKnownFileType = sourcecode.cpp.cpp; path = AppConfigurationFileReader.cpp; sourceTree = "<group>"; };
		74E092621AE65DC100A55448 /* AppConfigurationFileReader.h */ = {isa = PBXFileReference; fileEncoding = 4; lastKnownFileType = sourcecode.c.h; path = AppConfigurationFileReader.h; sourceTree = "<group>"; };
		74E092641AE65DC100A55448 /* Renderer.cpp */ = {isa = PBXFileReference; fileEncoding = 4; lastKnownFileType = sourcecode.cpp.cpp; path = Renderer.cpp; sourceTree = "<group>"; };
		74E092651AE65DC100A55448 /* Renderer.h */ = {isa = PBXFileReference; fileEncoding = 4; lastKnownFileType = sourcecode.c.h; path = Renderer.h; sourceTree = "<group>"; };
		74E092671AE65DC100A55448 /* WorldWindow.h */ = {isa = PBXFileReference; fileEncoding = 4; lastKnownFileType = sourcecode.c.h; path = WorldWindow.h; sourceTree = "<group>"; };
		74E092691AE65DC100A55448 /* Colour.h */ = {isa = PBXFileReference; fileEncoding = 4; lastKnownFileType = sourcecode.c.h; path = Colour.h; sourceTree = "<group>"; };
		74E0926A1AE65DC100A55448 /* Point.cpp */ = {isa = PBXFileReference; fileEncoding = 4; lastKnownFileType = sourcecode.cpp.cpp; path = Point.cpp; sourceTree = "<group>"; };
		74E0926B1AE65DC100A55448 /* Point.h */ = {isa = PBXFileReference; fileEncoding = 4; lastKnownFileType = sourcecode.c.h; path = Point.h; sourceTree = "<group>"; };
		74E092701AE65ECE00A55448 /* GLUT.framework */ = {isa = PBXFileReference; lastKnownFileType = wrapper.framework; name = GLUT.framework; path = System/Library/Frameworks/GLUT.framework; sourceTree = SDKROOT; };
		74E092711AE65ECE00A55448 /* OpenGL.framework */ = {isa = PBXFileReference; lastKnownFileType = wrapper.framework; name = OpenGL.framework; path = System/Library/Frameworks/OpenGL.framework; sourceTree = SDKROOT; };
/* End PBXFileReference section */

/* Begin PBXFrameworksBuildPhase section */
		74E0924E1AE65D9F00A55448 /* Frameworks */ = {
			isa = PBXFrameworksBuildPhase;
			buildActionMask = 2147483647;
			files = (
				74E092721AE65ECE00A55448 /* GLUT.framework in Frameworks */,
				74E092731AE65ECE00A55448 /* OpenGL.framework in Frameworks */,
			);
			runOnlyForDeploymentPostprocessing = 0;
		};
/* End PBXFrameworksBuildPhase section */

/* Begin PBXGroup section */
		745C0C601AEE6F5300E71ACF /* shape */ = {
			isa = PBXGroup;
			children = (
				745C0C621AEE6F7A00E71ACF /* IDrawable.h */,
				745C0C6D1AEE85CB00E71ACF /* IAnimatable.cpp */,
				745C0C6E1AEE85CB00E71ACF /* IAnimatable.h */,
				745C0C641AEE6FF900E71ACF /* Shape.cpp */,
				745C0C651AEE6FF900E71ACF /* Shape.h */,
				745C0C671AEE722D00E71ACF /* Circle.cpp */,
				745C0C681AEE722D00E71ACF /* Circle.h */,
				745C0C731AEE86AC00E71ACF /* DynamicCircle.cpp */,
				745C0C741AEE86AC00E71ACF /* DynamicCircle.h */,
			);
			name = shape;
			sourceTree = "<group>";
		};
		74DD806C1AF8D3B800E00060 /* sdl */ = {
			isa = PBXGroup;
			children = (
				74DD806D1AF8D43200E00060 /* circles.sdl */,
			);
			name = sdl;
			sourceTree = "<group>";
		};
		74E092481AE65D9F00A55448 = {
			isa = PBXGroup;
			children = (
				74E092701AE65ECE00A55448 /* GLUT.framework */,
				74E092711AE65ECE00A55448 /* OpenGL.framework */,
				74E092531AE65D9F00A55448 /* PvM_AnimationFramework */,
				74E092521AE65D9F00A55448 /* Products */,
			);
			sourceTree = "<group>";
		};
		74E092521AE65D9F00A55448 /* Products */ = {
			isa = PBXGroup;
			children = (
				74E092511AE65D9F00A55448 /* PvM_AnimationFramework */,
			);
			name = Products;
			sourceTree = "<group>";
		};
		74E092531AE65D9F00A55448 /* PvM_AnimationFramework */ = {
			isa = PBXGroup;
			children = (
				74E0925F1AE65DC100A55448 /* app */,
				74E092631AE65DC100A55448 /* renderer */,
				745C0C601AEE6F5300E71ACF /* shape */,
				74E092661AE65DC100A55448 /* scene */,
				74E092681AE65DC100A55448 /* util */,
				74E0925B1AE65DC100A55448 /* resources */,
			);
			path = PvM_AnimationFramework;
			sourceTree = "<group>";
		};
		74E0925B1AE65DC100A55448 /* resources */ = {
			isa = PBXGroup;
			children = (
				74DD806C1AF8D3B800E00060 /* sdl */,
				74E0925C1AE65DC100A55448 /* cfg */,
			);
			path = resources;
			sourceTree = "<group>";
		};
		74E0925C1AE65DC100A55448 /* cfg */ = {
			isa = PBXGroup;
			children = (
				74E0925D1AE65DC100A55448 /* app1.cfg */,
			);
			path = cfg;
			sourceTree = "<group>";
		};
		74E0925F1AE65DC100A55448 /* app */ = {
			isa = PBXGroup;
			children = (
				74E092601AE65DC100A55448 /* App.cpp */,
				74E092611AE65DC100A55448 /* AppConfigurationFileReader.cpp */,
				74E092621AE65DC100A55448 /* AppConfigurationFileReader.h */,
			);
			name = app;
			path = src/app;
			sourceTree = "<group>";
		};
		74E092631AE65DC100A55448 /* renderer */ = {
			isa = PBXGroup;
			children = (
				74E092641AE65DC100A55448 /* Renderer.cpp */,
				74E092651AE65DC100A55448 /* Renderer.h */,
			);
			name = renderer;
			path = src/renderer;
			sourceTree = "<group>";
		};
		74E092661AE65DC100A55448 /* scene */ = {
			isa = PBXGroup;
			children = (
				74E092671AE65DC100A55448 /* WorldWindow.h */,
				74DD806F1AF8D52100E00060 /* Scene.cpp */,
				74DD80701AF8D52100E00060 /* Scene.h */,
				741362C61B01FE0C00C7B84D /* SceneFactory.cpp */,
				741362C71B01FE0C00C7B84D /* SceneFactory.h */,
			);
			name = scene;
			path = src/scene;
			sourceTree = "<group>";
		};
		74E092681AE65DC100A55448 /* util */ = {
			isa = PBXGroup;
			children = (
				74E092691AE65DC100A55448 /* Colour.h */,
				74E0926A1AE65DC100A55448 /* Point.cpp */,
				74E0926B1AE65DC100A55448 /* Point.h */,
				745C0C6A1AEE745F00E71ACF /* Vector.cpp */,
				745C0C6B1AEE745F00E71ACF /* Vector.h */,
			);
			name = util;
			path = src/util;
			sourceTree = "<group>";
		};
/* End PBXGroup section */

/* Begin PBXNativeTarget section */
		74E092501AE65D9F00A55448 /* PvM_AnimationFramework */ = {
			isa = PBXNativeTarget;
			buildConfigurationList = 74E092581AE65D9F00A55448 /* Build configuration list for PBXNativeTarget "PvM_AnimationFramework" */;
			buildPhases = (
				74E0924D1AE65D9F00A55448 /* Sources */,
				74E0924E1AE65D9F00A55448 /* Frameworks */,
				74E0924F1AE65D9F00A55448 /* CopyFiles */,
			);
			buildRules = (
			);
			dependencies = (
			);
			name = PvM_AnimationFramework;
			productName = PvM_AnimationFramework;
			productReference = 74E092511AE65D9F00A55448 /* PvM_AnimationFramework */;
			productType = "com.apple.product-type.tool";
		};
/* End PBXNativeTarget section */

/* Begin PBXProject section */
		74E092491AE65D9F00A55448 /* Project object */ = {
			isa = PBXProject;
			attributes = {
				LastUpgradeCheck = 0630;
				ORGANIZATIONNAME = "Damiaan Dufaux";
				TargetAttributes = {
					74E092501AE65D9F00A55448 = {
						CreatedOnToolsVersion = 6.3;
					};
				};
			};
			buildConfigurationList = 74E0924C1AE65D9F00A55448 /* Build configuration list for PBXProject "PvM_AnimationFramework" */;
			compatibilityVersion = "Xcode 3.2";
			developmentRegion = English;
			hasScannedForEncodings = 0;
			knownRegions = (
				en,
			);
			mainGroup = 74E092481AE65D9F00A55448;
			productRefGroup = 74E092521AE65D9F00A55448 /* Products */;
			projectDirPath = "";
			projectRoot = "";
			targets = (
				74E092501AE65D9F00A55448 /* PvM_AnimationFramework */,
			);
		};
/* End PBXProject section */

/* Begin PBXSourcesBuildPhase section */
		74E0924D1AE65D9F00A55448 /* Sources */ = {
			isa = PBXSourcesBuildPhase;
			buildActionMask = 2147483647;
			files = (
				74E0926E1AE65DC100A55448 /* Renderer.cpp in Sources */,
				745C0C6C1AEE745F00E71ACF /* Vector.cpp in Sources */,
				745C0C691AEE722D00E71ACF /* Circle.cpp in Sources */,
				74E0926D1AE65DC100A55448 /* AppConfigurationFileReader.cpp in Sources */,
				745C0C661AEE6FF900E71ACF /* Shape.cpp in Sources */,
				741362C81B01FE0C00C7B84D /* SceneFactory.cpp in Sources */,
				74E0926F1AE65DC100A55448 /* Point.cpp in Sources */,
				74E0926C1AE65DC100A55448 /* App.cpp in Sources */,
				745C0C751AEE86AC00E71ACF /* DynamicCircle.cpp in Sources */,
				74DD80711AF8D52100E00060 /* Scene.cpp in Sources */,
				745C0C6F1AEE85CB00E71ACF /* IAnimatable.cpp in Sources */,
			);
			runOnlyForDeploymentPostprocessing = 0;
		};
/* End PBXSourcesBuildPhase section */

/* Begin XCBuildConfiguration section */
		74E092561AE65D9F00A55448 /* Debug */ = {
			isa = XCBuildConfiguration;
			buildSettings = {
				ALWAYS_SEARCH_USER_PATHS = NO;
				CLANG_CXX_LANGUAGE_STANDARD = "gnu++0x";
				CLANG_CXX_LIBRARY = "libc++";
				CLANG_ENABLE_MODULES = YES;
				CLANG_ENABLE_OBJC_ARC = YES;
				CLANG_WARN_BOOL_CONVERSION = YES;
				CLANG_WARN_CONSTANT_CONVERSION = YES;
				CLANG_WARN_DIRECT_OBJC_ISA_USAGE = YES_ERROR;
				CLANG_WARN_EMPTY_BODY = YES;
				CLANG_WARN_ENUM_CONVERSION = YES;
				CLANG_WARN_INT_CONVERSION = YES;
				CLANG_WARN_OBJC_ROOT_CLASS = YES_ERROR;
				CLANG_WARN_UNREACHABLE_CODE = YES;
				CLANG_WARN__DUPLICATE_METHOD_MATCH = YES;
				COPY_PHASE_STRIP = NO;
				DEBUG_INFORMATION_FORMAT = dwarf;
				ENABLE_STRICT_OBJC_MSGSEND = YES;
				GCC_C_LANGUAGE_STANDARD = gnu99;
				GCC_DYNAMIC_NO_PIC = NO;
				GCC_NO_COMMON_BLOCKS = YES;
				GCC_OPTIMIZATION_LEVEL = 0;
				GCC_PREPROCESSOR_DEFINITIONS = (
					"DEBUG=1",
					"$(inherited)",
				);
				GCC_SYMBOLS_PRIVATE_EXTERN = NO;
				GCC_WARN_64_TO_32_BIT_CONVERSION = YES;
				GCC_WARN_ABOUT_RETURN_TYPE = YES_ERROR;
				GCC_WARN_UNDECLARED_SELECTOR = YES;
				GCC_WARN_UNINITIALIZED_AUTOS = YES_AGGRESSIVE;
				GCC_WARN_UNUSED_FUNCTION = YES;
				GCC_WARN_UNUSED_VARIABLE = YES;
				MACOSX_DEPLOYMENT_TARGET = 10.8;
				MTL_ENABLE_DEBUG_INFO = YES;
				ONLY_ACTIVE_ARCH = YES;
				SDKROOT = macosx;
			};
			name = Debug;
		};
		74E092571AE65D9F00A55448 /* Release */ = {
			isa = XCBuildConfiguration;
			buildSettings = {
				ALWAYS_SEARCH_USER_PATHS = NO;
				CLANG_CXX_LANGUAGE_STANDARD = "gnu++0x";
				CLANG_CXX_LIBRARY = "libc++";
				CLANG_ENABLE_MODULES = YES;
				CLANG_ENABLE_OBJC_ARC = YES;
				CLANG_WARN_BOOL_CONVERSION = YES;
				CLANG_WARN_CONSTANT_CONVERSION = YES;
				CLANG_WARN_DIRECT_OBJC_ISA_USAGE = YES_ERROR;
				CLANG_WARN_EMPTY_BODY = YES;
				CLANG_WARN_ENUM_CONVERSION = YES;
				CLANG_WARN_INT_CONVERSION = YES;
				CLANG_WARN_OBJC_ROOT_CLASS = YES_ERROR;
				CLANG_WARN_UNREACHABLE_CODE = YES;
				CLANG_WARN__DUPLICATE_METHOD_MATCH = YES;
				COPY_PHASE_STRIP = NO;
				DEBUG_INFORMATION_FORMAT = "dwarf-with-dsym";
				ENABLE_NS_ASSERTIONS = NO;
				ENABLE_STRICT_OBJC_MSGSEND = YES;
				GCC_C_LANGUAGE_STANDARD = gnu99;
				GCC_NO_COMMON_BLOCKS = YES;
				GCC_WARN_64_TO_32_BIT_CONVERSION = YES;
				GCC_WARN_ABOUT_RETURN_TYPE = YES_ERROR;
				GCC_WARN_UNDECLARED_SELECTOR = YES;
				GCC_WARN_UNINITIALIZED_AUTOS = YES_AGGRESSIVE;
				GCC_WARN_UNUSED_FUNCTION = YES;
				GCC_WARN_UNUSED_VARIABLE = YES;
				MACOSX_DEPLOYMENT_TARGET = 10.8;
				MTL_ENABLE_DEBUG_INFO = NO;
				SDKROOT = macosx;
			};
			name = Release;
		};
		74E092591AE65D9F00A55448 /* Debug */ = {
			isa = XCBuildConfiguration;
			buildSettings = {
				PRODUCT_NAME = "$(TARGET_NAME)";
			};
			name = Debug;
		};
		74E0925A1AE65D9F00A55448 /* Release */ = {
			isa = XCBuildConfiguration;
			buildSettings = {
				PRODUCT_NAME = "$(TARGET_NAME)";
			};
			name = Release;
		};
/* End XCBuildConfiguration section */

/* Begin XCConfigurationList section */
		74E0924C1AE65D9F00A55448 /* Build configuration list for PBXProject "PvM_AnimationFramework" */ = {
			isa = XCConfigurationList;
			buildConfigurations = (
				74E092561AE65D9F00A55448 /* Debug */,
				74E092571AE65D9F00A55448 /* Release */,
			);
			defaultConfigurationIsVisible = 0;
			defaultConfigurationName = Release;
		};
		74E092581AE65D9F00A55448 /* Build configuration list for PBXNativeTarget "PvM_AnimationFramework" */ = {
			isa = XCConfigurationList;
			buildConfigurations = (
				74E092591AE65D9F00A55448 /* Debug */,
				74E0925A1AE65D9F00A55448 /* Release */,
			);
			defaultConfigurationIsVisible = 0;
			defaultConfigurationName = Release;
		};
/* End XCConfigurationList section */
	};
	rootObject = 74E092491AE65D9F00A55448 /* Project object */;
}
